
Microsoft Visual Studio Solution File, Format Version 12.00
# Visual Studio Version 16
VisualStudioVersion = 16.0.31313.79
MinimumVisualStudioVersion = 10.0.40219.1
Project("{FAE04EC0-301F-11D3-BF4B-00C04F79EFBC}") = "getDiscordDefaultAvatar", "getDiscordDefaultAvatar\getDiscordDefaultAvatar.csproj", "{A72DBD4C-8CAA-43A1-8AED-3C9C49F48B3D}"
EndProject
Global
	GlobalSection(SolutionConfigurationPlatforms) = preSolution
		Debug|Any CPU = Debug|Any CPU
		Release|Any CPU = Release|Any CPU
	EndGlobalSection
	GlobalSection(ProjectConfigurationPlatforms) = postSolution
		{A72DBD4C-8CAA-43A1-8AED-3C9C49F48B3D}.Debug|Any CPU.ActiveCfg = Debug|Any CPU
		{A72DBD4C-8CAA-43A1-8AED-3C9C49F48B3D}.Debug|Any CPU.Build.0 = Debug|Any CPU
		{A72DBD4C-8CAA-43A1-8AED-3C9C49F48B3D}.Release|Any CPU.ActiveCfg = Release|Any CPU
		{A72DBD4C-8CAA-43A1-8AED-3C9C49F48B3D}.Release|Any CPU.Build.0 = Release|Any CPU
	EndGlobalSection
	GlobalSection(SolutionProperties) = preSolution
		HideSolutionNode = FALSE
	EndGlobalSection
	GlobalSection(ExtensibilityGlobals) = postSolution
		SolutionGuid = {3CCA7B20-B064-4D2D-B90E-FDC2042C4E7F}
	EndGlobalSection
EndGlobal
